
Microsoft Visual Studio Solution File, Format Version 12.00
# Visual Studio Version 16
VisualStudioVersion = 16.0.30907.101
MinimumVisualStudioVersion = 10.0.40219.1
Project("{FAE04EC0-301F-11D3-BF4B-00C04F79EFBC}") = "StormFN Launcher", "StormFN Launcher\StormFN Launcher.csproj", "{A27C38B8-DB62-4887-B0CD-2119E592493B}"
EndProject
Global
	GlobalSection(SolutionConfigurationPlatforms) = preSolution
		Debug|Any CPU = Debug|Any CPU
		Debug|x64 = Debug|x64
		Release|Any CPU = Release|Any CPU
		Release|x64 = Release|x64
	EndGlobalSection
	GlobalSection(ProjectConfigurationPlatforms) = postSolution
		{A27C38B8-DB62-4887-B0CD-2119E592493B}.Debug|Any CPU.ActiveCfg = Debug|Any CPU
		{A27C38B8-DB62-4887-B0CD-2119E592493B}.Debug|Any CPU.Build.0 = Debug|Any CPU
		{A27C38B8-DB62-4887-B0CD-2119E592493B}.Debug|x64.ActiveCfg = Debug|Any CPU
		{A27C38B8-DB62-4887-B0CD-2119E592493B}.Release|Any CPU.ActiveCfg = Release|Any CPU
		{A27C38B8-DB62-4887-B0CD-2119E592493B}.Release|Any CPU.Build.0 = Release|Any CPU
		{A27C38B8-DB62-4887-B0CD-2119E592493B}.Release|x64.ActiveCfg = Release|Any CPU
		{A27C38B8-DB62-4887-B0CD-2119E592493B}.Release|x64.Build.0 = Release|Any CPU
	EndGlobalSection
	GlobalSection(SolutionProperties) = preSolution
		HideSolutionNode = FALSE
	EndGlobalSection
	GlobalSection(ExtensibilityGlobals) = postSolution
		SolutionGuid = {909BDDF8-4B3E-485F-83E9-C81A7279AC7D}
	EndGlobalSection
EndGlobal
